
Microsoft Visual Studio Solution File, Format Version 12.00
# Visual Studio Version 16
VisualStudioVersion = 16.0.31424.327
MinimumVisualStudioVersion = 10.0.40219.1
Project("{FAE04EC0-301F-11D3-BF4B-00C04F79EFBC}") = "Estructura de Datos", "Estructura de Datos.csproj", "{971C09FD-3054-4B7B-BFA7-BC47826E3535}"
EndProject
Global
	GlobalSection(SolutionConfigurationPlatforms) = preSolution
		Debug|Any CPU = Debug|Any CPU
		Release|Any CPU = Release|Any CPU
	EndGlobalSection
	GlobalSection(ProjectConfigurationPlatforms) = postSolution
		{971C09FD-3054-4B7B-BFA7-BC47826E3535}.Debug|Any CPU.ActiveCfg = Debug|Any CPU
		{971C09FD-3054-4B7B-BFA7-BC47826E3535}.Debug|Any CPU.Build.0 = Debug|Any CPU
		{971C09FD-3054-4B7B-BFA7-BC47826E3535}.Release|Any CPU.ActiveCfg = Release|Any CPU
		{971C09FD-3054-4B7B-BFA7-BC47826E3535}.Release|Any CPU.Build.0 = Release|Any CPU
	EndGlobalSection
	GlobalSection(SolutionProperties) = preSolution
		HideSolutionNode = FALSE
	EndGlobalSection
	GlobalSection(ExtensibilityGlobals) = postSolution
		SolutionGuid = {B7311DE8-AD3F-407C-8505-28805F2C0F4A}
	EndGlobalSection
EndGlobal
